
Microsoft Visual Studio Solution File, Format Version 12.00
# Visual Studio Version 17
VisualStudioVersion = 17.12.35521.163
MinimumVisualStudioVersion = 10.0.40219.1
Project("{FAE04EC0-301F-11D3-BF4B-00C04F79EFBC}") = "Server", "Server\Server.csproj", "{9872BD6D-F64E-4021-829E-3D5A6AB1F834}"
EndProject
Project("{FAE04EC0-301F-11D3-BF4B-00C04F79EFBC}") = "Klase", "Klase\Klase.csproj", "{04EE358D-FFF5-4983-89D4-B01A37AD41C8}"
EndProject
Project("{FAE04EC0-301F-11D3-BF4B-00C04F79EFBC}") = "Klijent", "Klijent\Klijent.csproj", "{45B8CB59-DAB7-4D2C-8DFE-47CBF1945B0D}"
EndProject
Global
	GlobalSection(SolutionConfigurationPlatforms) = preSolution
		Debug|Any CPU = Debug|Any CPU
		Release|Any CPU = Release|Any CPU
	EndGlobalSection
	GlobalSection(ProjectConfigurationPlatforms) = postSolution
		{9872BD6D-F64E-4021-829E-3D5A6AB1F834}.Debug|Any CPU.ActiveCfg = Debug|Any CPU
		{9872BD6D-F64E-4021-829E-3D5A6AB1F834}.Debug|Any CPU.Build.0 = Debug|Any CPU
		{9872BD6D-F64E-4021-829E-3D5A6AB1F834}.Release|Any CPU.ActiveCfg = Release|Any CPU
		{9872BD6D-F64E-4021-829E-3D5A6AB1F834}.Release|Any CPU.Build.0 = Release|Any CPU
		{04EE358D-FFF5-4983-89D4-B01A37AD41C8}.Debug|Any CPU.ActiveCfg = Debug|Any CPU
		{04EE358D-FFF5-4983-89D4-B01A37AD41C8}.Debug|Any CPU.Build.0 = Debug|Any CPU
		{04EE358D-FFF5-4983-89D4-B01A37AD41C8}.Release|Any CPU.ActiveCfg = Release|Any CPU
		{04EE358D-FFF5-4983-89D4-B01A37AD41C8}.Release|Any CPU.Build.0 = Release|Any CPU
		{45B8CB59-DAB7-4D2C-8DFE-47CBF1945B0D}.Debug|Any CPU.ActiveCfg = Debug|Any CPU
		{45B8CB59-DAB7-4D2C-8DFE-47CBF1945B0D}.Debug|Any CPU.Build.0 = Debug|Any CPU
		{45B8CB59-DAB7-4D2C-8DFE-47CBF1945B0D}.Release|Any CPU.ActiveCfg = Release|Any CPU
		{45B8CB59-DAB7-4D2C-8DFE-47CBF1945B0D}.Release|Any CPU.Build.0 = Release|Any CPU
	EndGlobalSection
	GlobalSection(SolutionProperties) = preSolution
		HideSolutionNode = FALSE
	EndGlobalSection
EndGlobal
